
Microsoft Visual Studio Solution File, Format Version 12.00
# Visual Studio Version 17
VisualStudioVersion = 17.13.35931.197
MinimumVisualStudioVersion = 10.0.40219.1
Project("{FAE04EC0-301F-11D3-BF4B-00C04F79EFBC}") = "Func", "Func.csproj", "{C16E8C48-387C-40CE-932A-1E65406F3A5B}"
EndProject
Project("{FAE04EC0-301F-11D3-BF4B-00C04F79EFBC}") = "FuncTest", "FuncTest\FuncTest.csproj", "{E59879A0-FB08-4637-83E2-037DA2075F99}"
EndProject
Global
	GlobalSection(SolutionConfigurationPlatforms) = preSolution
		Debug|Any CPU = Debug|Any CPU
		Release|Any CPU = Release|Any CPU
	EndGlobalSection
	GlobalSection(ProjectConfigurationPlatforms) = postSolution
		{C16E8C48-387C-40CE-932A-1E65406F3A5B}.Debug|Any CPU.ActiveCfg = Debug|Any CPU
		{C16E8C48-387C-40CE-932A-1E65406F3A5B}.Debug|Any CPU.Build.0 = Debug|Any CPU
		{C16E8C48-387C-40CE-932A-1E65406F3A5B}.Release|Any CPU.ActiveCfg = Release|Any CPU
		{C16E8C48-387C-40CE-932A-1E65406F3A5B}.Release|Any CPU.Build.0 = Release|Any CPU
		{E59879A0-FB08-4637-83E2-037DA2075F99}.Debug|Any CPU.ActiveCfg = Debug|Any CPU
		{E59879A0-FB08-4637-83E2-037DA2075F99}.Debug|Any CPU.Build.0 = Debug|Any CPU
		{E59879A0-FB08-4637-83E2-037DA2075F99}.Release|Any CPU.ActiveCfg = Release|Any CPU
		{E59879A0-FB08-4637-83E2-037DA2075F99}.Release|Any CPU.Build.0 = Release|Any CPU
	EndGlobalSection
	GlobalSection(SolutionProperties) = preSolution
		HideSolutionNode = FALSE
	EndGlobalSection
	GlobalSection(ExtensibilityGlobals) = postSolution
		SolutionGuid = {3DF67692-525D-4AC6-9CC3-AD0E7260131A}
	EndGlobalSection
EndGlobal
